// !$*UTF8*$!
{
	archiveVersion = 1;
	classes = {
	};
	objectVersion = 56;
	objects = {

/* Begin PBXBuildFile section */
		36A6D2A92AFBD04D00A1001F /* AppDelegate.swift in Sources */ = {isa = PBXBuildFile; fileRef = 36A6D2A82AFBD04D00A1001F /* AppDelegate.swift */; };
		36A6D2AB2AFBD04D00A1001F /* SceneDelegate.swift in Sources */ = {isa = PBXBuildFile; fileRef = 36A6D2AA2AFBD04D00A1001F /* SceneDelegate.swift */; };
		36A6D2B02AFBD04D00A1001F /* Main.storyboard in Resources */ = {isa = PBXBuildFile; fileRef = 36A6D2AE2AFBD04D00A1001F /* Main.storyboard */; };
		36A6D2B22AFBD05300A1001F /* Assets.xcassets in Resources */ = {isa = PBXBuildFile; fileRef = 36A6D2B12AFBD05300A1001F /* Assets.xcassets */; };
		36A6D2B52AFBD05300A1001F /* LaunchScreen.storyboard in Resources */ = {isa = PBXBuildFile; fileRef = 36A6D2B32AFBD05300A1001F /* LaunchScreen.storyboard */; };
		36A6D2C52AFBDB7900A1001F /* CustomCell.swift in Sources */ = {isa = PBXBuildFile; fileRef = 36A6D2C42AFBDB7900A1001F /* CustomCell.swift */; };
		36A6D2C72AFBDB9100A1001F /* CustomInfoCell.swift in Sources */ = {isa = PBXBuildFile; fileRef = 36A6D2C62AFBDB9100A1001F /* CustomInfoCell.swift */; };
		36A6D2C92AFBDBBE00A1001F /* ViewController.swift in Sources */ = {isa = PBXBuildFile; fileRef = 36A6D2C82AFBDBBE00A1001F /* ViewController.swift */; };
		36A6D2CB2AFBDBD800A1001F /* ViewModel.swift in Sources */ = {isa = PBXBuildFile; fileRef = 36A6D2CA2AFBDBD800A1001F /* ViewModel.swift */; };
		36A6D2CD2AFBDBEE00A1001F /* Delegate.swift in Sources */ = {isa = PBXBuildFile; fileRef = 36A6D2CC2AFBDBEE00A1001F /* Delegate.swift */; };
		36A6D2CF2AFBDC1500A1001F /* DetailsViewController.swift in Sources */ = {isa = PBXBuildFile; fileRef = 36A6D2CE2AFBDC1500A1001F /* DetailsViewController.swift */; };
		36A6D2D12AFBDC2700A1001F /* DetailsViewModel.swift in Sources */ = {isa = PBXBuildFile; fileRef = 36A6D2D02AFBDC2700A1001F /* DetailsViewModel.swift */; };
		36A6D2D32AFBDC6000A1001F /* FavoritesViewController.swift in Sources */ = {isa = PBXBuildFile; fileRef = 36A6D2D22AFBDC6000A1001F /* FavoritesViewController.swift */; };
		36A6D2D52AFBDCB000A1001F /* TabBarController.swift in Sources */ = {isa = PBXBuildFile; fileRef = 36A6D2D42AFBDCB000A1001F /* TabBarController.swift */; };
		36A6D2D72AFBE25500A1001F /* NetworkService.swift in Sources */ = {isa = PBXBuildFile; fileRef = 36A6D2D62AFBE25500A1001F /* NetworkService.swift */; };
		36A6D2D92AFBE26C00A1001F /* ImageDownloader.swift in Sources */ = {isa = PBXBuildFile; fileRef = 36A6D2D82AFBE26C00A1001F /* ImageDownloader.swift */; };
		36A6D2DB2AFBE27C00A1001F /* Constants.swift in Sources */ = {isa = PBXBuildFile; fileRef = 36A6D2DA2AFBE27C00A1001F /* Constants.swift */; };
		36A6D2DD2AFBE29000A1001F /* UserdefaultStorage.swift in Sources */ = {isa = PBXBuildFile; fileRef = 36A6D2DC2AFBE29000A1001F /* UserdefaultStorage.swift */; };
		36A6D2E12AFBE2E700A1001F /* UITableViewCell.swift in Sources */ = {isa = PBXBuildFile; fileRef = 36A6D2E02AFBE2E700A1001F /* UITableViewCell.swift */; };
		36A6D2E32AFBE2F300A1001F /* UIView.swift in Sources */ = {isa = PBXBuildFile; fileRef = 36A6D2E22AFBE2F300A1001F /* UIView.swift */; };
		36A6D2E52AFBE30100A1001F /* UIViewController.swift in Sources */ = {isa = PBXBuildFile; fileRef = 36A6D2E42AFBE30100A1001F /* UIViewController.swift */; };
		36A6D2E72AFBE31200A1001F /* Model.swift in Sources */ = {isa = PBXBuildFile; fileRef = 36A6D2E62AFBE31200A1001F /* Model.swift */; };
		36A6D2E92AFBE32000A1001F /* InfoModel.swift in Sources */ = {isa = PBXBuildFile; fileRef = 36A6D2E82AFBE32000A1001F /* InfoModel.swift */; };
/* End PBXBuildFile section */

/* Begin PBXFileReference section */
		36A6D2A52AFBD04D00A1001F /* testovoye.app */ = {isa = PBXFileReference; explicitFileType = wrapper.application; includeInIndex = 0; path = testovoye.app; sourceTree = BUILT_PRODUCTS_DIR; };
		36A6D2A82AFBD04D00A1001F /* AppDelegate.swift */ = {isa = PBXFileReference; lastKnownFileType = sourcecode.swift; path = AppDelegate.swift; sourceTree = "<group>"; };
		36A6D2AA2AFBD04D00A1001F /* SceneDelegate.swift */ = {isa = PBXFileReference; lastKnownFileType = sourcecode.swift; path = SceneDelegate.swift; sourceTree = "<group>"; };
		36A6D2AF2AFBD04D00A1001F /* Base */ = {isa = PBXFileReference; lastKnownFileType = file.storyboard; name = Base; path = Base.lproj/Main.storyboard; sourceTree = "<group>"; };
		36A6D2B12AFBD05300A1001F /* Assets.xcassets */ = {isa = PBXFileReference; lastKnownFileType = folder.assetcatalog; path = Assets.xcassets; sourceTree = "<group>"; };
		36A6D2B42AFBD05300A1001F /* Base */ = {isa = PBXFileReference; lastKnownFileType = file.storyboard; name = Base; path = Base.lproj/LaunchScreen.storyboard; sourceTree = "<group>"; };
		36A6D2B62AFBD05300A1001F /* Info.plist */ = {isa = PBXFileReference; lastKnownFileType = text.plist.xml; path = Info.plist; sourceTree = "<group>"; };
		36A6D2C42AFBDB7900A1001F /* CustomCell.swift */ = {isa = PBXFileReference; lastKnownFileType = sourcecode.swift; path = CustomCell.swift; sourceTree = "<group>"; };
		36A6D2C62AFBDB9100A1001F /* CustomInfoCell.swift */ = {isa = PBXFileReference; lastKnownFileType = sourcecode.swift; path = CustomInfoCell.swift; sourceTree = "<group>"; };
		36A6D2C82AFBDBBE00A1001F /* ViewController.swift */ = {isa = PBXFileReference; lastKnownFileType = sourcecode.swift; path = ViewController.swift; sourceTree = "<group>"; };
		36A6D2CA2AFBDBD800A1001F /* ViewModel.swift */ = {isa = PBXFileReference; lastKnownFileType = sourcecode.swift; path = ViewModel.swift; sourceTree = "<group>"; };
		36A6D2CC2AFBDBEE00A1001F /* Delegate.swift */ = {isa = PBXFileReference; lastKnownFileType = sourcecode.swift; path = Delegate.swift; sourceTree = "<group>"; };
		36A6D2CE2AFBDC1500A1001F /* DetailsViewController.swift */ = {isa = PBXFileReference; lastKnownFileType = sourcecode.swift; path = DetailsViewController.swift; sourceTree = "<group>"; };
		36A6D2D02AFBDC2700A1001F /* DetailsViewModel.swift */ = {isa = PBXFileReference; lastKnownFileType = sourcecode.swift; path = DetailsViewModel.swift; sourceTree = "<group>"; };
		36A6D2D22AFBDC6000A1001F /* FavoritesViewController.swift */ = {isa = PBXFileReference; lastKnownFileType = sourcecode.swift; path = FavoritesViewController.swift; sourceTree = "<group>"; };
		36A6D2D42AFBDCB000A1001F /* TabBarController.swift */ = {isa = PBXFileReference; lastKnownFileType = sourcecode.swift; path = TabBarController.swift; sourceTree = "<group>"; };
		36A6D2D62AFBE25500A1001F /* NetworkService.swift */ = {isa = PBXFileReference; lastKnownFileType = sourcecode.swift; path = NetworkService.swift; sourceTree = "<group>"; };
		36A6D2D82AFBE26C00A1001F /* ImageDownloader.swift */ = {isa = PBXFileReference; lastKnownFileType = sourcecode.swift; path = ImageDownloader.swift; sourceTree = "<group>"; };
		36A6D2DA2AFBE27C00A1001F /* Constants.swift */ = {isa = PBXFileReference; lastKnownFileType = sourcecode.swift; path = Constants.swift; sourceTree = "<group>"; };
		36A6D2DC2AFBE29000A1001F /* UserdefaultStorage.swift */ = {isa = PBXFileReference; lastKnownFileType = sourcecode.swift; path = UserdefaultStorage.swift; sourceTree = "<group>"; };
		36A6D2E02AFBE2E700A1001F /* UITableViewCell.swift */ = {isa = PBXFileReference; lastKnownFileType = sourcecode.swift; path = UITableViewCell.swift; sourceTree = "<group>"; };
		36A6D2E22AFBE2F300A1001F /* UIView.swift */ = {isa = PBXFileReference; lastKnownFileType = sourcecode.swift; path = UIView.swift; sourceTree = "<group>"; };
		36A6D2E42AFBE30100A1001F /* UIViewController.swift */ = {isa = PBXFileReference; lastKnownFileType = sourcecode.swift; path = UIViewController.swift; sourceTree = "<group>"; };
		36A6D2E62AFBE31200A1001F /* Model.swift */ = {isa = PBXFileReference; lastKnownFileType = sourcecode.swift; path = Model.swift; sourceTree = "<group>"; };
		36A6D2E82AFBE32000A1001F /* InfoModel.swift */ = {isa = PBXFileReference; lastKnownFileType = sourcecode.swift; path = InfoModel.swift; sourceTree = "<group>"; };
/* End PBXFileReference section */

/* Begin PBXFrameworksBuildPhase section */
		36A6D2A22AFBD04D00A1001F /* Frameworks */ = {
			isa = PBXFrameworksBuildPhase;
			buildActionMask = 2147483647;
			files = (
			);
			runOnlyForDeploymentPostprocessing = 0;
		};
/* End PBXFrameworksBuildPhase section */

/* Begin PBXGroup section */
		36A6D29C2AFBD04D00A1001F = {
			isa = PBXGroup;
			children = (
				36A6D2A72AFBD04D00A1001F /* testovoye */,
				36A6D2A62AFBD04D00A1001F /* Products */,
			);
			sourceTree = "<group>";
		};
		36A6D2A62AFBD04D00A1001F /* Products */ = {
			isa = PBXGroup;
			children = (
				36A6D2A52AFBD04D00A1001F /* testovoye.app */,
			);
			name = Products;
			sourceTree = "<group>";
		};
		36A6D2A72AFBD04D00A1001F /* testovoye */ = {
			isa = PBXGroup;
			children = (
				36A6D2BD2AFBD16500A1001F /* AppDelegate */,
				36A6D2BF2AFBD28900A1001F /* WorkFlow */,
				36A6D2BE2AFBD26100A1001F /* Model */,
				36A6D2BC2AFBD11400A1001F /* Resources */,
			);
			path = testovoye;
			sourceTree = "<group>";
		};
		36A6D2BC2AFBD11400A1001F /* Resources */ = {
			isa = PBXGroup;
			children = (
				36A6D2AE2AFBD04D00A1001F /* Main.storyboard */,
				36A6D2B12AFBD05300A1001F /* Assets.xcassets */,
				36A6D2B32AFBD05300A1001F /* LaunchScreen.storyboard */,
				36A6D2B62AFBD05300A1001F /* Info.plist */,
			);
			path = Resources;
			sourceTree = "<group>";
		};
		36A6D2BD2AFBD16500A1001F /* AppDelegate */ = {
			isa = PBXGroup;
			children = (
				36A6D2A82AFBD04D00A1001F /* AppDelegate.swift */,
				36A6D2AA2AFBD04D00A1001F /* SceneDelegate.swift */,
			);
			path = AppDelegate;
			sourceTree = "<group>";
		};
		36A6D2BE2AFBD26100A1001F /* Model */ = {
			isa = PBXGroup;
			children = (
				36A6D2DE2AFBE29800A1001F /* Extension */,
				36A6D2DF2AFBE2AF00A1001F /* DTO */,
				36A6D2D62AFBE25500A1001F /* NetworkService.swift */,
				36A6D2D82AFBE26C00A1001F /* ImageDownloader.swift */,
				36A6D2DA2AFBE27C00A1001F /* Constants.swift */,
				36A6D2DC2AFBE29000A1001F /* UserdefaultStorage.swift */,
			);
			path = Model;
			sourceTree = "<group>";
		};
		36A6D2BF2AFBD28900A1001F /* WorkFlow */ = {
			isa = PBXGroup;
			children = (
				36A6D2C02AFBD2FD00A1001F /* HomeVC */,
				36A6D2D22AFBDC6000A1001F /* FavoritesViewController.swift */,
				36A6D2D42AFBDCB000A1001F /* TabBarController.swift */,
			);
			path = WorkFlow;
			sourceTree = "<group>";
		};
		36A6D2C02AFBD2FD00A1001F /* HomeVC */ = {
			isa = PBXGroup;
			children = (
				36A6D2C12AFBD30A00A1001F /* Component */,
				36A6D2C82AFBDBBE00A1001F /* ViewController.swift */,
				36A6D2CA2AFBDBD800A1001F /* ViewModel.swift */,
				36A6D2CC2AFBDBEE00A1001F /* Delegate.swift */,
				36A6D2CE2AFBDC1500A1001F /* DetailsViewController.swift */,
				36A6D2D02AFBDC2700A1001F /* DetailsViewModel.swift */,
			);
			path = HomeVC;
			sourceTree = "<group>";
		};
		36A6D2C12AFBD30A00A1001F /* Component */ = {
			isa = PBXGroup;
			children = (
				36A6D2C42AFBDB7900A1001F /* CustomCell.swift */,
				36A6D2C62AFBDB9100A1001F /* CustomInfoCell.swift */,
			);
			path = Component;
			sourceTree = "<group>";
		};
		36A6D2DE2AFBE29800A1001F /* Extension */ = {
			isa = PBXGroup;
			children = (
				36A6D2E02AFBE2E700A1001F /* UITableViewCell.swift */,
				36A6D2E22AFBE2F300A1001F /* UIView.swift */,
				36A6D2E42AFBE30100A1001F /* UIViewController.swift */,
			);
			path = Extension;
			sourceTree = "<group>";
		};
		36A6D2DF2AFBE2AF00A1001F /* DTO */ = {
			isa = PBXGroup;
			children = (
				36A6D2E62AFBE31200A1001F /* Model.swift */,
				36A6D2E82AFBE32000A1001F /* InfoModel.swift */,
			);
			path = DTO;
			sourceTree = "<group>";
		};
/* End PBXGroup section */

/* Begin PBXNativeTarget section */
		36A6D2A42AFBD04D00A1001F /* testovoye */ = {
			isa = PBXNativeTarget;
			buildConfigurationList = 36A6D2B92AFBD05300A1001F /* Build configuration list for PBXNativeTarget "testovoye" */;
			buildPhases = (
				36A6D2A12AFBD04D00A1001F /* Sources */,
				36A6D2A22AFBD04D00A1001F /* Frameworks */,
				36A6D2A32AFBD04D00A1001F /* Resources */,
			);
			buildRules = (
			);
			dependencies = (
			);
			name = testovoye;
			productName = testovoye;
			productReference = 36A6D2A52AFBD04D00A1001F /* testovoye.app */;
			productType = "com.apple.product-type.application";
		};
/* End PBXNativeTarget section */

/* Begin PBXProject section */
		36A6D29D2AFBD04D00A1001F /* Project object */ = {
			isa = PBXProject;
			attributes = {
				BuildIndependentTargetsInParallel = 1;
				LastSwiftUpdateCheck = 1400;
				LastUpgradeCheck = 1400;
				TargetAttributes = {
					36A6D2A42AFBD04D00A1001F = {
						CreatedOnToolsVersion = 14.0.1;
					};
				};
			};
			buildConfigurationList = 36A6D2A02AFBD04D00A1001F /* Build configuration list for PBXProject "testovoye" */;
			compatibilityVersion = "Xcode 14.0";
			developmentRegion = en;
			hasScannedForEncodings = 0;
			knownRegions = (
				en,
				Base,
			);
			mainGroup = 36A6D29C2AFBD04D00A1001F;
			productRefGroup = 36A6D2A62AFBD04D00A1001F /* Products */;
			projectDirPath = "";
			projectRoot = "";
			targets = (
				36A6D2A42AFBD04D00A1001F /* testovoye */,
			);
		};
/* End PBXProject section */

/* Begin PBXResourcesBuildPhase section */
		36A6D2A32AFBD04D00A1001F /* Resources */ = {
			isa = PBXResourcesBuildPhase;
			buildActionMask = 2147483647;
			files = (
				36A6D2B52AFBD05300A1001F /* LaunchScreen.storyboard in Resources */,
				36A6D2B22AFBD05300A1001F /* Assets.xcassets in Resources */,
				36A6D2B02AFBD04D00A1001F /* Main.storyboard in Resources */,
			);
			runOnlyForDeploymentPostprocessing = 0;
		};
/* End PBXResourcesBuildPhase section */

/* Begin PBXSourcesBuildPhase section */
		36A6D2A12AFBD04D00A1001F /* Sources */ = {
			isa = PBXSourcesBuildPhase;
			buildActionMask = 2147483647;
			files = (
				36A6D2C92AFBDBBE00A1001F /* ViewController.swift in Sources */,
				36A6D2E12AFBE2E700A1001F /* UITableViewCell.swift in Sources */,
				36A6D2E52AFBE30100A1001F /* UIViewController.swift in Sources */,
				36A6D2A92AFBD04D00A1001F /* AppDelegate.swift in Sources */,
				36A6D2D92AFBE26C00A1001F /* ImageDownloader.swift in Sources */,
				36A6D2D52AFBDCB000A1001F /* TabBarController.swift in Sources */,
				36A6D2C52AFBDB7900A1001F /* CustomCell.swift in Sources */,
				36A6D2CF2AFBDC1500A1001F /* DetailsViewController.swift in Sources */,
				36A6D2CD2AFBDBEE00A1001F /* Delegate.swift in Sources */,
				36A6D2C72AFBDB9100A1001F /* CustomInfoCell.swift in Sources */,
				36A6D2CB2AFBDBD800A1001F /* ViewModel.swift in Sources */,
				36A6D2AB2AFBD04D00A1001F /* SceneDelegate.swift in Sources */,
				36A6D2DD2AFBE29000A1001F /* UserdefaultStorage.swift in Sources */,
				36A6D2D32AFBDC6000A1001F /* FavoritesViewController.swift in Sources */,
				36A6D2E32AFBE2F300A1001F /* UIView.swift in Sources */,
				36A6D2E92AFBE32000A1001F /* InfoModel.swift in Sources */,
				36A6D2DB2AFBE27C00A1001F /* Constants.swift in Sources */,
				36A6D2E72AFBE31200A1001F /* Model.swift in Sources */,
				36A6D2D72AFBE25500A1001F /* NetworkService.swift in Sources */,
				36A6D2D12AFBDC2700A1001F /* DetailsViewModel.swift in Sources */,
			);
			runOnlyForDeploymentPostprocessing = 0;
		};
/* End PBXSourcesBuildPhase section */

/* Begin PBXVariantGroup section */
		36A6D2AE2AFBD04D00A1001F /* Main.storyboard */ = {
			isa = PBXVariantGroup;
			children = (
				36A6D2AF2AFBD04D00A1001F /* Base */,
			);
			name = Main.storyboard;
			sourceTree = "<group>";
		};
		36A6D2B32AFBD05300A1001F /* LaunchScreen.storyboard */ = {
			isa = PBXVariantGroup;
			children = (
				36A6D2B42AFBD05300A1001F /* Base */,
			);
			name = LaunchScreen.storyboard;
			sourceTree = "<group>";
		};
/* End PBXVariantGroup section */

/* Begin XCBuildConfiguration section */
		36A6D2B72AFBD05300A1001F /* Debug */ = {
			isa = XCBuildConfiguration;
			buildSettings = {
				ALWAYS_SEARCH_USER_PATHS = NO;
				CLANG_ANALYZER_NONNULL = YES;
				CLANG_ANALYZER_NUMBER_OBJECT_CONVERSION = YES_AGGRESSIVE;
				CLANG_CXX_LANGUAGE_STANDARD = "gnu++20";
				CLANG_ENABLE_MODULES = YES;
				CLANG_ENABLE_OBJC_ARC = YES;
				CLANG_ENABLE_OBJC_WEAK = YES;
				CLANG_WARN_BLOCK_CAPTURE_AUTORELEASING = YES;
				CLANG_WARN_BOOL_CONVERSION = YES;
				CLANG_WARN_COMMA = YES;
				CLANG_WARN_CONSTANT_CONVERSION = YES;
				CLANG_WARN_DEPRECATED_OBJC_IMPLEMENTATIONS = YES;
				CLANG_WARN_DIRECT_OBJC_ISA_USAGE = YES_ERROR;
				CLANG_WARN_DOCUMENTATION_COMMENTS = YES;
				CLANG_WARN_EMPTY_BODY = YES;
				CLANG_WARN_ENUM_CONVERSION = YES;
				CLANG_WARN_INFINITE_RECURSION = YES;
				CLANG_WARN_INT_CONVERSION = YES;
				CLANG_WARN_NON_LITERAL_NULL_CONVERSION = YES;
				CLANG_WARN_OBJC_IMPLICIT_RETAIN_SELF = YES;
				CLANG_WARN_OBJC_LITERAL_CONVERSION = YES;
				CLANG_WARN_OBJC_ROOT_CLASS = YES_ERROR;
				CLANG_WARN_QUOTED_INCLUDE_IN_FRAMEWORK_HEADER = YES;
				CLANG_WARN_RANGE_LOOP_ANALYSIS = YES;
				CLANG_WARN_STRICT_PROTOTYPES = YES;
				CLANG_WARN_SUSPICIOUS_MOVE = YES;
				CLANG_WARN_UNGUARDED_AVAILABILITY = YES_AGGRESSIVE;
				CLANG_WARN_UNREACHABLE_CODE = YES;
				CLANG_WARN__DUPLICATE_METHOD_MATCH = YES;
				COPY_PHASE_STRIP = NO;
				DEBUG_INFORMATION_FORMAT = dwarf;
				ENABLE_STRICT_OBJC_MSGSEND = YES;
				ENABLE_TESTABILITY = YES;
				GCC_C_LANGUAGE_STANDARD = gnu11;
				GCC_DYNAMIC_NO_PIC = NO;
				GCC_NO_COMMON_BLOCKS = YES;
				GCC_OPTIMIZATION_LEVEL = 0;
				GCC_PREPROCESSOR_DEFINITIONS = (
					"DEBUG=1",
					"$(inherited)",
				);
				GCC_WARN_64_TO_32_BIT_CONVERSION = YES;
				GCC_WARN_ABOUT_RETURN_TYPE = YES_ERROR;
				GCC_WARN_UNDECLARED_SELECTOR = YES;
				GCC_WARN_UNINITIALIZED_AUTOS = YES_AGGRESSIVE;
				GCC_WARN_UNUSED_FUNCTION = YES;
				GCC_WARN_UNUSED_VARIABLE = YES;
				IPHONEOS_DEPLOYMENT_TARGET = 16.0;
				MTL_ENABLE_DEBUG_INFO = INCLUDE_SOURCE;
				MTL_FAST_MATH = YES;
				ONLY_ACTIVE_ARCH = YES;
				SDKROOT = iphoneos;
				SWIFT_ACTIVE_COMPILATION_CONDITIONS = DEBUG;
				SWIFT_OPTIMIZATION_LEVEL = "-Onone";
			};
			name = Debug;
		};
		36A6D2B82AFBD05300A1001F /* Release */ = {
			isa = XCBuildConfiguration;
			buildSettings = {
				ALWAYS_SEARCH_USER_PATHS = NO;
				CLANG_ANALYZER_NONNULL = YES;
				CLANG_ANALYZER_NUMBER_OBJECT_CONVERSION = YES_AGGRESSIVE;
				CLANG_CXX_LANGUAGE_STANDARD = "gnu++20";
				CLANG_ENABLE_MODULES = YES;
				CLANG_ENABLE_OBJC_ARC = YES;
				CLANG_ENABLE_OBJC_WEAK = YES;
				CLANG_WARN_BLOCK_CAPTURE_AUTORELEASING = YES;
				CLANG_WARN_BOOL_CONVERSION = YES;
				CLANG_WARN_COMMA = YES;
				CLANG_WARN_CONSTANT_CONVERSION = YES;
				CLANG_WARN_DEPRECATED_OBJC_IMPLEMENTATIONS = YES;
				CLANG_WARN_DIRECT_OBJC_ISA_USAGE = YES_ERROR;
				CLANG_WARN_DOCUMENTATION_COMMENTS = YES;
				CLANG_WARN_EMPTY_BODY = YES;
				CLANG_WARN_ENUM_CONVERSION = YES;
				CLANG_WARN_INFINITE_RECURSION = YES;
				CLANG_WARN_INT_CONVERSION = YES;
				CLANG_WARN_NON_LITERAL_NULL_CONVERSION = YES;
				CLANG_WARN_OBJC_IMPLICIT_RETAIN_SELF = YES;
				CLANG_WARN_OBJC_LITERAL_CONVERSION = YES;
				CLANG_WARN_OBJC_ROOT_CLASS = YES_ERROR;
				CLANG_WARN_QUOTED_INCLUDE_IN_FRAMEWORK_HEADER = YES;
				CLANG_WARN_RANGE_LOOP_ANALYSIS = YES;
				CLANG_WARN_STRICT_PROTOTYPES = YES;
				CLANG_WARN_SUSPICIOUS_MOVE = YES;
				CLANG_WARN_UNGUARDED_AVAILABILITY = YES_AGGRESSIVE;
				CLANG_WARN_UNREACHABLE_CODE = YES;
				CLANG_WARN__DUPLICATE_METHOD_MATCH = YES;
				COPY_PHASE_STRIP = NO;
				DEBUG_INFORMATION_FORMAT = "dwarf-with-dsym";
				ENABLE_NS_ASSERTIONS = NO;
				ENABLE_STRICT_OBJC_MSGSEND = YES;
				GCC_C_LANGUAGE_STANDARD = gnu11;
				GCC_NO_COMMON_BLOCKS = YES;
				GCC_WARN_64_TO_32_BIT_CONVERSION = YES;
				GCC_WARN_ABOUT_RETURN_TYPE = YES_ERROR;
				GCC_WARN_UNDECLARED_SELECTOR = YES;
				GCC_WARN_UNINITIALIZED_AUTOS = YES_AGGRESSIVE;
				GCC_WARN_UNUSED_FUNCTION = YES;
				GCC_WARN_UNUSED_VARIABLE = YES;
				IPHONEOS_DEPLOYMENT_TARGET = 16.0;
				MTL_ENABLE_DEBUG_INFO = NO;
				MTL_FAST_MATH = YES;
				SDKROOT = iphoneos;
				SWIFT_COMPILATION_MODE = wholemodule;
				SWIFT_OPTIMIZATION_LEVEL = "-O";
				VALIDATE_PRODUCT = YES;
			};
			name = Release;
		};
		36A6D2BA2AFBD05300A1001F /* Debug */ = {
			isa = XCBuildConfiguration;
			buildSettings = {
				ASSETCATALOG_COMPILER_APPICON_NAME = AppIcon;
				ASSETCATALOG_COMPILER_GLOBAL_ACCENT_COLOR_NAME = AccentColor;
				CODE_SIGN_STYLE = Automatic;
				CURRENT_PROJECT_VERSION = 1;
				GENERATE_INFOPLIST_FILE = YES;
				INFOPLIST_FILE = testovoye/Info.plist;
				INFOPLIST_KEY_UIApplicationSupportsIndirectInputEvents = YES;
				INFOPLIST_KEY_UILaunchStoryboardName = LaunchScreen;
				INFOPLIST_KEY_UISupportedInterfaceOrientations_iPad = "UIInterfaceOrientationPortrait UIInterfaceOrientationPortraitUpsideDown UIInterfaceOrientationLandscapeLeft UIInterfaceOrientationLandscapeRight";
				INFOPLIST_KEY_UISupportedInterfaceOrientations_iPhone = "UIInterfaceOrientationPortrait UIInterfaceOrientationLandscapeLeft UIInterfaceOrientationLandscapeRight";
				LD_RUNPATH_SEARCH_PATHS = (
					"$(inherited)",
					"@executable_path/Frameworks",
				);
				MARKETING_VERSION = 1.0;
				PRODUCT_BUNDLE_IDENTIFIER = first.testovoye;
				PRODUCT_NAME = "$(TARGET_NAME)";
				SWIFT_EMIT_LOC_STRINGS = YES;
				SWIFT_VERSION = 5.0;
				TARGETED_DEVICE_FAMILY = "1,2";
			};
			name = Debug;
		};
		36A6D2BB2AFBD05300A1001F /* Release */ = {
			isa = XCBuildConfiguration;
			buildSettings = {
				ASSETCATALOG_COMPILER_APPICON_NAME = AppIcon;
				ASSETCATALOG_COMPILER_GLOBAL_ACCENT_COLOR_NAME = AccentColor;
				CODE_SIGN_STYLE = Automatic;
				CURRENT_PROJECT_VERSION = 1;
				GENERATE_INFOPLIST_FILE = YES;
				INFOPLIST_FILE = testovoye/Info.plist;
				INFOPLIST_KEY_UIApplicationSupportsIndirectInputEvents = YES;
				INFOPLIST_KEY_UILaunchStoryboardName = LaunchScreen;
				INFOPLIST_KEY_UISupportedInterfaceOrientations_iPad = "UIInterfaceOrientationPortrait UIInterfaceOrientationPortraitUpsideDown UIInterfaceOrientationLandscapeLeft UIInterfaceOrientationLandscapeRight";
				INFOPLIST_KEY_UISupportedInterfaceOrientations_iPhone = "UIInterfaceOrientationPortrait UIInterfaceOrientationLandscapeLeft UIInterfaceOrientationLandscapeRight";
				LD_RUNPATH_SEARCH_PATHS = (
					"$(inherited)",
					"@executable_path/Frameworks",
				);
				MARKETING_VERSION = 1.0;
				PRODUCT_BUNDLE_IDENTIFIER = first.testovoye;
				PRODUCT_NAME = "$(TARGET_NAME)";
				SWIFT_EMIT_LOC_STRINGS = YES;
				SWIFT_VERSION = 5.0;
				TARGETED_DEVICE_FAMILY = "1,2";
			};
			name = Release;
		};
/* End XCBuildConfiguration section */

/* Begin XCConfigurationList section */
		36A6D2A02AFBD04D00A1001F /* Build configuration list for PBXProject "testovoye" */ = {
			isa = XCConfigurationList;
			buildConfigurations = (
				36A6D2B72AFBD05300A1001F /* Debug */,
				36A6D2B82AFBD05300A1001F /* Release */,
			);
			defaultConfigurationIsVisible = 0;
			defaultConfigurationName = Release;
		};
		36A6D2B92AFBD05300A1001F /* Build configuration list for PBXNativeTarget "testovoye" */ = {
			isa = XCConfigurationList;
			buildConfigurations = (
				36A6D2BA2AFBD05300A1001F /* Debug */,
				36A6D2BB2AFBD05300A1001F /* Release */,
			);
			defaultConfigurationIsVisible = 0;
			defaultConfigurationName = Release;
		};
/* End XCConfigurationList section */
	};
	rootObject = 36A6D29D2AFBD04D00A1001F /* Project object */;
}
